
Microsoft Visual Studio Solution File, Format Version 12.00
# Visual Studio Version 17
VisualStudioVersion = 17.13.35617.110 d17.13
MinimumVisualStudioVersion = 10.0.40219.1
Project("{FAE04EC0-301F-11D3-BF4B-00C04F79EFBC}") = "Task1", "Task1.csproj", "{7B0660F9-1256-4572-853F-8E310CA58FBA}"
EndProject
Global
	GlobalSection(SolutionConfigurationPlatforms) = preSolution
		Debug|Any CPU = Debug|Any CPU
		Release|Any CPU = Release|Any CPU
	EndGlobalSection
	GlobalSection(ProjectConfigurationPlatforms) = postSolution
		{7B0660F9-1256-4572-853F-8E310CA58FBA}.Debug|Any CPU.ActiveCfg = Debug|Any CPU
		{7B0660F9-1256-4572-853F-8E310CA58FBA}.Debug|Any CPU.Build.0 = Debug|Any CPU
		{7B0660F9-1256-4572-853F-8E310CA58FBA}.Release|Any CPU.ActiveCfg = Release|Any CPU
		{7B0660F9-1256-4572-853F-8E310CA58FBA}.Release|Any CPU.Build.0 = Release|Any CPU
	EndGlobalSection
	GlobalSection(SolutionProperties) = preSolution
		HideSolutionNode = FALSE
	EndGlobalSection
	GlobalSection(ExtensibilityGlobals) = postSolution
		SolutionGuid = {89EC151E-4F65-4691-B5EF-2411354FC47A}
	EndGlobalSection
EndGlobal
